// !$*UTF8*$!
{
	archiveVersion = 1;
	classes = {
	};
	objectVersion = 46;
	objects = {

/* Begin PBXBuildFile section */
		848FB1E01D089E46008B7CE7 /* Default-568h@2x.png in Resources */ = {isa = PBXBuildFile; fileRef = 848FB1DF1D089E46008B7CE7 /* Default-568h@2x.png */; };
		848FB1F91D0928D0008B7CE7 /* Contents.json in Resources */ = {isa = PBXBuildFile; fileRef = 848FB1E31D0928D0008B7CE7 /* Contents.json */; };
		848FB1FA1D0928D0008B7CE7 /* Icon-40.png in Resources */ = {isa = PBXBuildFile; fileRef = 848FB1E41D0928D0008B7CE7 /* Icon-40.png */; };
		848FB1FB1D0928D0008B7CE7 /* Icon-40@2x.png in Resources */ = {isa = PBXBuildFile; fileRef = 848FB1E51D0928D0008B7CE7 /* Icon-40@2x.png */; };
		848FB1FC1D0928D0008B7CE7 /* Icon-40@3x.png in Resources */ = {isa = PBXBuildFile; fileRef = 848FB1E61D0928D0008B7CE7 /* Icon-40@3x.png */; };
		848FB1FD1D0928D0008B7CE7 /* Icon-60@2x.png in Resources */ = {isa = PBXBuildFile; fileRef = 848FB1E71D0928D0008B7CE7 /* Icon-60@2x.png */; };
		848FB1FE1D0928D0008B7CE7 /* Icon-60@3x.png in Resources */ = {isa = PBXBuildFile; fileRef = 848FB1E81D0928D0008B7CE7 /* Icon-60@3x.png */; };
		848FB1FF1D0928D0008B7CE7 /* Icon-76.png in Resources */ = {isa = PBXBuildFile; fileRef = 848FB1E91D0928D0008B7CE7 /* Icon-76.png */; };
		848FB2001D0928D0008B7CE7 /* Icon-76@2x.png in Resources */ = {isa = PBXBuildFile; fileRef = 848FB1EA1D0928D0008B7CE7 /* Icon-76@2x.png */; };
		848FB2011D0928D0008B7CE7 /* Icon-83.5@2x.png in Resources */ = {isa = PBXBuildFile; fileRef = 848FB1EB1D0928D0008B7CE7 /* Icon-83.5@2x.png */; };
		848FB2021D0928D0008B7CE7 /* Icon-Small.png in Resources */ = {isa = PBXBuildFile; fileRef = 848FB1EC1D0928D0008B7CE7 /* Icon-Small.png */; };
		848FB2031D0928D0008B7CE7 /* Icon-Small@2x.png in Resources */ = {isa = PBXBuildFile; fileRef = 848FB1ED1D0928D0008B7CE7 /* Icon-Small@2x.png */; };
		848FB2041D0928D0008B7CE7 /* Icon-Small@3x.png in Resources */ = {isa = PBXBuildFile; fileRef = 848FB1EE1D0928D0008B7CE7 /* Icon-Small@3x.png */; };
		848FB2051D0928D0008B7CE7 /* Icon-60.png in Resources */ = {isa = PBXBuildFile; fileRef = 848FB1EF1D0928D0008B7CE7 /* Icon-60.png */; };
		848FB2061D0928D0008B7CE7 /* Icon-72.png in Resources */ = {isa = PBXBuildFile; fileRef = 848FB1F01D0928D0008B7CE7 /* Icon-72.png */; };
		848FB2071D0928D0008B7CE7 /* Icon-72@2x.png in Resources */ = {isa = PBXBuildFile; fileRef = 848FB1F11D0928D0008B7CE7 /* Icon-72@2x.png */; };
		848FB2081D0928D0008B7CE7 /* Icon-Small-50.png in Resources */ = {isa = PBXBuildFile; fileRef = 848FB1F21D0928D0008B7CE7 /* Icon-Small-50.png */; };
		848FB2091D0928D0008B7CE7 /* Icon-Small-50@2x.png in Resources */ = {isa = PBXBuildFile; fileRef = 848FB1F31D0928D0008B7CE7 /* Icon-Small-50@2x.png */; };
		848FB20A1D0928D0008B7CE7 /* Icon.png in Resources */ = {isa = PBXBuildFile; fileRef = 848FB1F41D0928D0008B7CE7 /* Icon.png */; };
		848FB20B1D0928D0008B7CE7 /* Icon@2x.png in Resources */ = {isa = PBXBuildFile; fileRef = 848FB1F51D0928D0008B7CE7 /* Icon@2x.png */; };
		848FB20C1D0928D0008B7CE7 /* iTunesArtwork.png in Resources */ = {isa = PBXBuildFile; fileRef = 848FB1F61D0928D0008B7CE7 /* iTunesArtwork.png */; };
		848FB20D1D0928D0008B7CE7 /* iTunesArtwork@2x.png in Resources */ = {isa = PBXBuildFile; fileRef = 848FB1F71D0928D0008B7CE7 /* iTunesArtwork@2x.png */; };
		84A65FE81D08256900C36022 /* fin.png in Resources */ = {isa = PBXBuildFile; fileRef = 84A65FE51D08256900C36022 /* fin.png */; };
		84A65FE91D08256900C36022 /* title_logo.png in Resources */ = {isa = PBXBuildFile; fileRef = 84A65FE61D08256900C36022 /* title_logo.png */; };
		84A65FEA1D08256900C36022 /* word_blank.png in Resources */ = {isa = PBXBuildFile; fileRef = 84A65FE71D08256900C36022 /* word_blank.png */; };
		84E507C71D08071100C56409 /* AppDelegate.swift in Sources */ = {isa = PBXBuildFile; fileRef = 84E507C61D08071100C56409 /* AppDelegate.swift */; };
		84E507C91D08071100C56409 /* ViewController.swift in Sources */ = {isa = PBXBuildFile; fileRef = 84E507C81D08071100C56409 /* ViewController.swift */; };
		84E507CC1D08071100C56409 /* Main.storyboard in Resources */ = {isa = PBXBuildFile; fileRef = 84E507CA1D08071100C56409 /* Main.storyboard */; };
		84E507CF1D08071100C56409 /* WordList.xcdatamodeld in Sources */ = {isa = PBXBuildFile; fileRef = 84E507CD1D08071100C56409 /* WordList.xcdatamodeld */; };
		84E507D11D08071100C56409 /* Assets.xcassets in Resources */ = {isa = PBXBuildFile; fileRef = 84E507D01D08071100C56409 /* Assets.xcassets */; };
		84E507D41D08071100C56409 /* LaunchScreen.storyboard in Resources */ = {isa = PBXBuildFile; fileRef = 84E507D21D08071100C56409 /* LaunchScreen.storyboard */; };
		84E507DF1D08071100C56409 /* WordListTests.swift in Sources */ = {isa = PBXBuildFile; fileRef = 84E507DE1D08071100C56409 /* WordListTests.swift */; };
		84E507EA1D08071100C56409 /* WordListUITests.swift in Sources */ = {isa = PBXBuildFile; fileRef = 84E507E91D08071100C56409 /* WordListUITests.swift */; };
		84E507FC1D080D8C00C56409 /* FinishViewController.swift in Sources */ = {isa = PBXBuildFile; fileRef = 84E507FB1D080D8C00C56409 /* FinishViewController.swift */; };
		84E508001D080DAF00C56409 /* AddViewController.swift in Sources */ = {isa = PBXBuildFile; fileRef = 84E507FF1D080DAF00C56409 /* AddViewController.swift */; };
		84E508021D080E4F00C56409 /* ListTableViewController.swift in Sources */ = {isa = PBXBuildFile; fileRef = 84E508011D080E4F00C56409 /* ListTableViewController.swift */; };
		84E508041D08174500C56409 /* QuestionViewController.swift in Sources */ = {isa = PBXBuildFile; fileRef = 84E508031D08174500C56409 /* QuestionViewController.swift */; };
		84E508091D081CF700C56409 /* ListTableViewCell.swift in Sources */ = {isa = PBXBuildFile; fileRef = 84E508071D081CF700C56409 /* ListTableViewCell.swift */; };
		84E5080A1D081CF700C56409 /* ListTableViewCell.xib in Resources */ = {isa = PBXBuildFile; fileRef = 84E508081D081CF700C56409 /* ListTableViewCell.xib */; };
/* End PBXBuildFile section */

/* Begin PBXContainerItemProxy section */
		84E507DB1D08071100C56409 /* PBXContainerItemProxy */ = {
			isa = PBXContainerItemProxy;
			containerPortal = 84E507BB1D08071100C56409 /* Project object */;
			proxyType = 1;
			remoteGlobalIDString = 84E507C21D08071100C56409;
			remoteInfo = WordList;
		};
		84E507E61D08071100C56409 /* PBXContainerItemProxy */ = {
			isa = PBXContainerItemProxy;
			containerPortal = 84E507BB1D08071100C56409 /* Project object */;
			proxyType = 1;
			remoteGlobalIDString = 84E507C21D08071100C56409;
			remoteInfo = WordList;
		};
/* End PBXContainerItemProxy section */

/* Begin PBXFileReference section */
		848FB1DF1D089E46008B7CE7 /* Default-568h@2x.png */ = {isa = PBXFileReference; lastKnownFileType = image.png; path = "Default-568h@2x.png"; sourceTree = "<group>"; };
		848FB1E31D0928D0008B7CE7 /* Contents.json */ = {isa = PBXFileReference; fileEncoding = 4; lastKnownFileType = text.json; path = Contents.json; sourceTree = "<group>"; };
		848FB1E41D0928D0008B7CE7 /* Icon-40.png */ = {isa = PBXFileReference; lastKnownFileType = image.png; path = "Icon-40.png"; sourceTree = "<group>"; };
		848FB1E51D0928D0008B7CE7 /* Icon-40@2x.png */ = {isa = PBXFileReference; lastKnownFileType = image.png; path = "Icon-40@2x.png"; sourceTree = "<group>"; };
		848FB1E61D0928D0008B7CE7 /* Icon-40@3x.png */ = {isa = PBXFileReference; lastKnownFileType = image.png; path = "Icon-40@3x.png"; sourceTree = "<group>"; };
		848FB1E71D0928D0008B7CE7 /* Icon-60@2x.png */ = {isa = PBXFileReference; lastKnownFileType = image.png; path = "Icon-60@2x.png"; sourceTree = "<group>"; };
		848FB1E81D0928D0008B7CE7 /* Icon-60@3x.png */ = {isa = PBXFileReference; lastKnownFileType = image.png; path = "Icon-60@3x.png"; sourceTree = "<group>"; };
		848FB1E91D0928D0008B7CE7 /* Icon-76.png */ = {isa = PBXFileReference; lastKnownFileType = image.png; path = "Icon-76.png"; sourceTree = "<group>"; };
		848FB1EA1D0928D0008B7CE7 /* Icon-76@2x.png */ = {isa = PBXFileReference; lastKnownFileType = image.png; path = "Icon-76@2x.png"; sourceTree = "<group>"; };
		848FB1EB1D0928D0008B7CE7 /* Icon-83.5@2x.png */ = {isa = PBXFileReference; lastKnownFileType = image.png; path = "Icon-83.5@2x.png"; sourceTree = "<group>"; };
		848FB1EC1D0928D0008B7CE7 /* Icon-Small.png */ = {isa = PBXFileReference; lastKnownFileType = image.png; path = "Icon-Small.png"; sourceTree = "<group>"; };
		848FB1ED1D0928D0008B7CE7 /* Icon-Small@2x.png */ = {isa = PBXFileReference; lastKnownFileType = image.png; path = "Icon-Small@2x.png"; sourceTree = "<group>"; };
		848FB1EE1D0928D0008B7CE7 /* Icon-Small@3x.png */ = {isa = PBXFileReference; lastKnownFileType = image.png; path = "Icon-Small@3x.png"; sourceTree = "<group>"; };
		848FB1EF1D0928D0008B7CE7 /* Icon-60.png */ = {isa = PBXFileReference; lastKnownFileType = image.png; path = "Icon-60.png"; sourceTree = "<group>"; };
		848FB1F01D0928D0008B7CE7 /* Icon-72.png */ = {isa = PBXFileReference; lastKnownFileType = image.png; path = "Icon-72.png"; sourceTree = "<group>"; };
		848FB1F11D0928D0008B7CE7 /* Icon-72@2x.png */ = {isa = PBXFileReference; lastKnownFileType = image.png; path = "Icon-72@2x.png"; sourceTree = "<group>"; };
		848FB1F21D0928D0008B7CE7 /* Icon-Small-50.png */ = {isa = PBXFileReference; lastKnownFileType = image.png; path = "Icon-Small-50.png"; sourceTree = "<group>"; };
		848FB1F31D0928D0008B7CE7 /* Icon-Small-50@2x.png */ = {isa = PBXFileReference; lastKnownFileType = image.png; path = "Icon-Small-50@2x.png"; sourceTree = "<group>"; };
		848FB1F41D0928D0008B7CE7 /* Icon.png */ = {isa = PBXFileReference; lastKnownFileType = image.png; path = Icon.png; sourceTree = "<group>"; };
		848FB1F51D0928D0008B7CE7 /* Icon@2x.png */ = {isa = PBXFileReference; lastKnownFileType = image.png; path = "Icon@2x.png"; sourceTree = "<group>"; };
		848FB1F61D0928D0008B7CE7 /* iTunesArtwork.png */ = {isa = PBXFileReference; lastKnownFileType = image.png; path = iTunesArtwork.png; sourceTree = "<group>"; };
		848FB1F71D0928D0008B7CE7 /* iTunesArtwork@2x.png */ = {isa = PBXFileReference; lastKnownFileType = image.png; path = "iTunesArtwork@2x.png"; sourceTree = "<group>"; };
		84A65FE51D08256900C36022 /* fin.png */ = {isa = PBXFileReference; lastKnownFileType = image.png; path = fin.png; sourceTree = "<group>"; };
		84A65FE61D08256900C36022 /* title_logo.png */ = {isa = PBXFileReference; lastKnownFileType = image.png; path = title_logo.png; sourceTree = "<group>"; };
		84A65FE71D08256900C36022 /* word_blank.png */ = {isa = PBXFileReference; lastKnownFileType = image.png; path = word_blank.png; sourceTree = "<group>"; };
		84E507C31D08071100C56409 /* WordList.app */ = {isa = PBXFileReference; explicitFileType = wrapper.application; includeInIndex = 0; path = WordList.app; sourceTree = BUILT_PRODUCTS_DIR; };
		84E507C61D08071100C56409 /* AppDelegate.swift */ = {isa = PBXFileReference; lastKnownFileType = sourcecode.swift; path = AppDelegate.swift; sourceTree = "<group>"; };
		84E507C81D08071100C56409 /* ViewController.swift */ = {isa = PBXFileReference; lastKnownFileType = sourcecode.swift; path = ViewController.swift; sourceTree = "<group>"; };
		84E507CB1D08071100C56409 /* Base */ = {isa = PBXFileReference; lastKnownFileType = file.storyboard; name = Base; path = Base.lproj/Main.storyboard; sourceTree = "<group>"; };
		84E507CE1D08071100C56409 /* WordList.xcdatamodel */ = {isa = PBXFileReference; lastKnownFileType = wrapper.xcdatamodel; path = WordList.xcdatamodel; sourceTree = "<group>"; };
		84E507D01D08071100C56409 /* Assets.xcassets */ = {isa = PBXFileReference; lastKnownFileType = folder.assetcatalog; path = Assets.xcassets; sourceTree = "<group>"; };
		84E507D31D08071100C56409 /* Base */ = {isa = PBXFileReference; lastKnownFileType = file.storyboard; name = Base; path = Base.lproj/LaunchScreen.storyboard; sourceTree = "<group>"; };
		84E507D51D08071100C56409 /* Info.plist */ = {isa = PBXFileReference; lastKnownFileType = text.plist.xml; path = Info.plist; sourceTree = "<group>"; };
		84E507DA1D08071100C56409 /* WordListTests.xctest */ = {isa = PBXFileReference; explicitFileType = wrapper.cfbundle; includeInIndex = 0; path = WordListTests.xctest; sourceTree = BUILT_PRODUCTS_DIR; };
		84E507DE1D08071100C56409 /* WordListTests.swift */ = {isa = PBXFileReference; lastKnownFileType = sourcecode.swift; path = WordListTests.swift; sourceTree = "<group>"; };
		84E507E01D08071100C56409 /* Info.plist */ = {isa = PBXFileReference; lastKnownFileType = text.plist.xml; path = Info.plist; sourceTree = "<group>"; };
		84E507E51D08071100C56409 /* WordListUITests.xctest */ = {isa = PBXFileReference; explicitFileType = wrapper.cfbundle; includeInIndex = 0; path = WordListUITests.xctest; sourceTree = BUILT_PRODUCTS_DIR; };
		84E507E91D08071100C56409 /* WordListUITests.swift */ = {isa = PBXFileReference; lastKnownFileType = sourcecode.swift; path = WordListUITests.swift; sourceTree = "<group>"; };
		84E507EB1D08071100C56409 /* Info.plist */ = {isa = PBXFileReference; lastKnownFileType = text.plist.xml; path = Info.plist; sourceTree = "<group>"; };
		84E507FB1D080D8C00C56409 /* FinishViewController.swift */ = {isa = PBXFileReference; fileEncoding = 4; lastKnownFileType = sourcecode.swift; path = FinishViewController.swift; sourceTree = "<group>"; };
		84E507FF1D080DAF00C56409 /* AddViewController.swift */ = {isa = PBXFileReference; fileEncoding = 4; lastKnownFileType = sourcecode.swift; path = AddViewController.swift; sourceTree = "<group>"; };
		84E508011D080E4F00C56409 /* ListTableViewController.swift */ = {isa = PBXFileReference; fileEncoding = 4; lastKnownFileType = sourcecode.swift; name = ListTableViewController.swift; path = ../ListTableViewController.swift; sourceTree = "<group>"; };
		84E508031D08174500C56409 /* QuestionViewController.swift */ = {isa = PBXFileReference; fileEncoding = 4; lastKnownFileType = sourcecode.swift; path = QuestionViewController.swift; sourceTree = "<group>"; };
		84E508071D081CF700C56409 /* ListTableViewCell.swift */ = {isa = PBXFileReference; fileEncoding = 4; lastKnownFileType = sourcecode.swift; name = ListTableViewCell.swift; path = ../ListTableViewCell.swift; sourceTree = "<group>"; };
		84E508081D081CF700C56409 /* ListTableViewCell.xib */ = {isa = PBXFileReference; fileEncoding = 4; lastKnownFileType = file.xib; name = ListTableViewCell.xib; path = ../ListTableViewCell.xib; sourceTree = "<group>"; };
/* End PBXFileReference section */

/* Begin PBXFrameworksBuildPhase section */
		84E507C01D08071100C56409 /* Frameworks */ = {
			isa = PBXFrameworksBuildPhase;
			buildActionMask = 2147483647;
			files = (
			);
			runOnlyForDeploymentPostprocessing = 0;
		};
		84E507D71D08071100C56409 /* Frameworks */ = {
			isa = PBXFrameworksBuildPhase;
			buildActionMask = 2147483647;
			files = (
			);
			runOnlyForDeploymentPostprocessing = 0;
		};
		84E507E21D08071100C56409 /* Frameworks */ = {
			isa = PBXFrameworksBuildPhase;
			buildActionMask = 2147483647;
			files = (
			);
			runOnlyForDeploymentPostprocessing = 0;
		};
/* End PBXFrameworksBuildPhase section */

/* Begin PBXGroup section */
		848FB1E11D0928D0008B7CE7 /* ios */ = {
			isa = PBXGroup;
			children = (
				848FB1E21D0928D0008B7CE7 /* AppIcon.appiconset */,
				848FB1EF1D0928D0008B7CE7 /* Icon-60.png */,
				848FB1F01D0928D0008B7CE7 /* Icon-72.png */,
				848FB1F11D0928D0008B7CE7 /* Icon-72@2x.png */,
				848FB1F21D0928D0008B7CE7 /* Icon-Small-50.png */,
				848FB1F31D0928D0008B7CE7 /* Icon-Small-50@2x.png */,
				848FB1F41D0928D0008B7CE7 /* Icon.png */,
				848FB1F51D0928D0008B7CE7 /* Icon@2x.png */,
				848FB1F61D0928D0008B7CE7 /* iTunesArtwork.png */,
				848FB1F71D0928D0008B7CE7 /* iTunesArtwork@2x.png */,
			);
			path = ios;
			sourceTree = "<group>";
		};
		848FB1E21D0928D0008B7CE7 /* AppIcon.appiconset */ = {
			isa = PBXGroup;
			children = (
				848FB1E31D0928D0008B7CE7 /* Contents.json */,
				848FB1E41D0928D0008B7CE7 /* Icon-40.png */,
				848FB1E51D0928D0008B7CE7 /* Icon-40@2x.png */,
				848FB1E61D0928D0008B7CE7 /* Icon-40@3x.png */,
				848FB1E71D0928D0008B7CE7 /* Icon-60@2x.png */,
				848FB1E81D0928D0008B7CE7 /* Icon-60@3x.png */,
				848FB1E91D0928D0008B7CE7 /* Icon-76.png */,
				848FB1EA1D0928D0008B7CE7 /* Icon-76@2x.png */,
				848FB1EB1D0928D0008B7CE7 /* Icon-83.5@2x.png */,
				848FB1EC1D0928D0008B7CE7 /* Icon-Small.png */,
				848FB1ED1D0928D0008B7CE7 /* Icon-Small@2x.png */,
				848FB1EE1D0928D0008B7CE7 /* Icon-Small@3x.png */,
			);
			path = AppIcon.appiconset;
			sourceTree = "<group>";
		};
		84E507BA1D08071100C56409 = {
			isa = PBXGroup;
			children = (
				848FB1DF1D089E46008B7CE7 /* Default-568h@2x.png */,
				84A65FE51D08256900C36022 /* fin.png */,
				84A65FE61D08256900C36022 /* title_logo.png */,
				84A65FE71D08256900C36022 /* word_blank.png */,
				84E507C51D08071100C56409 /* WordList */,
				84E507DD1D08071100C56409 /* WordListTests */,
				84E507E81D08071100C56409 /* WordListUITests */,
				84E507C41D08071100C56409 /* Products */,
			);
			sourceTree = "<group>";
		};
		84E507C41D08071100C56409 /* Products */ = {
			isa = PBXGroup;
			children = (
				84E507C31D08071100C56409 /* WordList.app */,
				84E507DA1D08071100C56409 /* WordListTests.xctest */,
				84E507E51D08071100C56409 /* WordListUITests.xctest */,
			);
			name = Products;
			sourceTree = "<group>";
		};
		84E507C51D08071100C56409 /* WordList */ = {
			isa = PBXGroup;
			children = (
				848FB1E11D0928D0008B7CE7 /* ios */,
				84E508071D081CF700C56409 /* ListTableViewCell.swift */,
				84E508081D081CF700C56409 /* ListTableViewCell.xib */,
				84E508011D080E4F00C56409 /* ListTableViewController.swift */,
				84E507C61D08071100C56409 /* AppDelegate.swift */,
				84E507C81D08071100C56409 /* ViewController.swift */,
				84E507CA1D08071100C56409 /* Main.storyboard */,
				84E508031D08174500C56409 /* QuestionViewController.swift */,
				84E507FB1D080D8C00C56409 /* FinishViewController.swift */,
				84E507FF1D080DAF00C56409 /* AddViewController.swift */,
				84E507D01D08071100C56409 /* Assets.xcassets */,
				84E507D21D08071100C56409 /* LaunchScreen.storyboard */,
				84E507D51D08071100C56409 /* Info.plist */,
				84E507CD1D08071100C56409 /* WordList.xcdatamodeld */,
			);
			path = WordList;
			sourceTree = "<group>";
		};
		84E507DD1D08071100C56409 /* WordListTests */ = {
			isa = PBXGroup;
			children = (
				84E507DE1D08071100C56409 /* WordListTests.swift */,
				84E507E01D08071100C56409 /* Info.plist */,
			);
			path = WordListTests;
			sourceTree = "<group>";
		};
		84E507E81D08071100C56409 /* WordListUITests */ = {
			isa = PBXGroup;
			children = (
				84E507E91D08071100C56409 /* WordListUITests.swift */,
				84E507EB1D08071100C56409 /* Info.plist */,
			);
			path = WordListUITests;
			sourceTree = "<group>";
		};
/* End PBXGroup section */

/* Begin PBXNativeTarget section */
		84E507C21D08071100C56409 /* WordList */ = {
			isa = PBXNativeTarget;
			buildConfigurationList = 84E507EE1D08071100C56409 /* Build configuration list for PBXNativeTarget "WordList" */;
			buildPhases = (
				84E507BF1D08071100C56409 /* Sources */,
				84E507C01D08071100C56409 /* Frameworks */,
				84E507C11D08071100C56409 /* Resources */,
			);
			buildRules = (
			);
			dependencies = (
			);
			name = WordList;
			productName = WordList;
			productReference = 84E507C31D08071100C56409 /* WordList.app */;
			productType = "com.apple.product-type.application";
		};
		84E507D91D08071100C56409 /* WordListTests */ = {
			isa = PBXNativeTarget;
			buildConfigurationList = 84E507F11D08071100C56409 /* Build configuration list for PBXNativeTarget "WordListTests" */;
			buildPhases = (
				84E507D61D08071100C56409 /* Sources */,
				84E507D71D08071100C56409 /* Frameworks */,
				84E507D81D08071100C56409 /* Resources */,
			);
			buildRules = (
			);
			dependencies = (
				84E507DC1D08071100C56409 /* PBXTargetDependency */,
			);
			name = WordListTests;
			productName = WordListTests;
			productReference = 84E507DA1D08071100C56409 /* WordListTests.xctest */;
			productType = "com.apple.product-type.bundle.unit-test";
		};
		84E507E41D08071100C56409 /* WordListUITests */ = {
			isa = PBXNativeTarget;
			buildConfigurationList = 84E507F41D08071100C56409 /* Build configuration list for PBXNativeTarget "WordListUITests" */;
			buildPhases = (
				84E507E11D08071100C56409 /* Sources */,
				84E507E21D08071100C56409 /* Frameworks */,
				84E507E31D08071100C56409 /* Resources */,
			);
			buildRules = (
			);
			dependencies = (
				84E507E71D08071100C56409 /* PBXTargetDependency */,
			);
			name = WordListUITests;
			productName = WordListUITests;
			productReference = 84E507E51D08071100C56409 /* WordListUITests.xctest */;
			productType = "com.apple.product-type.bundle.ui-testing";
		};
/* End PBXNativeTarget section */

/* Begin PBXProject section */
		84E507BB1D08071100C56409 /* Project object */ = {
			isa = PBXProject;
			attributes = {
				LastSwiftUpdateCheck = 0730;
				LastUpgradeCheck = 0730;
				ORGANIZATIONNAME = "Kenta Okuda";
				TargetAttributes = {
					84E507C21D08071100C56409 = {
						CreatedOnToolsVersion = 7.3.1;
						DevelopmentTeam = 43SA38KKY4;
					};
					84E507D91D08071100C56409 = {
						CreatedOnToolsVersion = 7.3.1;
						DevelopmentTeam = 43SA38KKY4;
						TestTargetID = 84E507C21D08071100C56409;
					};
					84E507E41D08071100C56409 = {
						CreatedOnToolsVersion = 7.3.1;
						DevelopmentTeam = 43SA38KKY4;
						TestTargetID = 84E507C21D08071100C56409;
					};
				};
			};
			buildConfigurationList = 84E507BE1D08071100C56409 /* Build configuration list for PBXProject "WordList" */;
			compatibilityVersion = "Xcode 3.2";
			developmentRegion = English;
			hasScannedForEncodings = 0;
			knownRegions = (
				en,
				Base,
			);
			mainGroup = 84E507BA1D08071100C56409;
			productRefGroup = 84E507C41D08071100C56409 /* Products */;
			projectDirPath = "";
			projectRoot = "";
			targets = (
				84E507C21D08071100C56409 /* WordList */,
				84E507D91D08071100C56409 /* WordListTests */,
				84E507E41D08071100C56409 /* WordListUITests */,
			);
		};
/* End PBXProject section */

/* Begin PBXResourcesBuildPhase section */
		84E507C11D08071100C56409 /* Resources */ = {
			isa = PBXResourcesBuildPhase;
			buildActionMask = 2147483647;
			files = (
				848FB2011D0928D0008B7CE7 /* Icon-83.5@2x.png in Resources */,
				84E507D41D08071100C56409 /* LaunchScreen.storyboard in Resources */,
				848FB2031D0928D0008B7CE7 /* Icon-Small@2x.png in Resources */,
				848FB2061D0928D0008B7CE7 /* Icon-72.png in Resources */,
				84A65FE91D08256900C36022 /* title_logo.png in Resources */,
				848FB1FF1D0928D0008B7CE7 /* Icon-76.png in Resources */,
				848FB2051D0928D0008B7CE7 /* Icon-60.png in Resources */,
				848FB1FD1D0928D0008B7CE7 /* Icon-60@2x.png in Resources */,
				848FB2071D0928D0008B7CE7 /* Icon-72@2x.png in Resources */,
				848FB1F91D0928D0008B7CE7 /* Contents.json in Resources */,
				848FB20C1D0928D0008B7CE7 /* iTunesArtwork.png in Resources */,
				848FB20B1D0928D0008B7CE7 /* Icon@2x.png in Resources */,
				848FB1FE1D0928D0008B7CE7 /* Icon-60@3x.png in Resources */,
				84E507D11D08071100C56409 /* Assets.xcassets in Resources */,
				848FB2021D0928D0008B7CE7 /* Icon-Small.png in Resources */,
				848FB1FB1D0928D0008B7CE7 /* Icon-40@2x.png in Resources */,
				848FB1FA1D0928D0008B7CE7 /* Icon-40.png in Resources */,
				84E507CC1D08071100C56409 /* Main.storyboard in Resources */,
				84A65FEA1D08256900C36022 /* word_blank.png in Resources */,
				848FB20D1D0928D0008B7CE7 /* iTunesArtwork@2x.png in Resources */,
				848FB1E01D089E46008B7CE7 /* Default-568h@2x.png in Resources */,
				84A65FE81D08256900C36022 /* fin.png in Resources */,
				848FB1FC1D0928D0008B7CE7 /* Icon-40@3x.png in Resources */,
				848FB20A1D0928D0008B7CE7 /* Icon.png in Resources */,
				848FB2001D0928D0008B7CE7 /* Icon-76@2x.png in Resources */,
				848FB2081D0928D0008B7CE7 /* Icon-Small-50.png in Resources */,
				848FB2091D0928D0008B7CE7 /* Icon-Small-50@2x.png in Resources */,
				848FB2041D0928D0008B7CE7 /* Icon-Small@3x.png in Resources */,
				84E5080A1D081CF700C56409 /* ListTableViewCell.xib in Resources */,
			);
			runOnlyForDeploymentPostprocessing = 0;
		};
		84E507D81D08071100C56409 /* Resources */ = {
			isa = PBXResourcesBuildPhase;
			buildActionMask = 2147483647;
			files = (
			);
			runOnlyForDeploymentPostprocessing = 0;
		};
		84E507E31D08071100C56409 /* Resources */ = {
			isa = PBXResourcesBuildPhase;
			buildActionMask = 2147483647;
			files = (
			);
			runOnlyForDeploymentPostprocessing = 0;
		};
/* End PBXResourcesBuildPhase section */

/* Begin PBXSourcesBuildPhase section */
		84E507BF1D08071100C56409 /* Sources */ = {
			isa = PBXSourcesBuildPhase;
			buildActionMask = 2147483647;
			files = (
				84E507FC1D080D8C00C56409 /* FinishViewController.swift in Sources */,
				84E508091D081CF700C56409 /* ListTableViewCell.swift in Sources */,
				84E507CF1D08071100C56409 /* WordList.xcdatamodeld in Sources */,
				84E508001D080DAF00C56409 /* AddViewController.swift in Sources */,
				84E507C91D08071100C56409 /* ViewController.swift in Sources */,
				84E507C71D08071100C56409 /* AppDelegate.swift in Sources */,
				84E508041D08174500C56409 /* QuestionViewController.swift in Sources */,
				84E508021D080E4F00C56409 /* ListTableViewController.swift in Sources */,
			);
			runOnlyForDeploymentPostprocessing = 0;
		};
		84E507D61D08071100C56409 /* Sources */ = {
			isa = PBXSourcesBuildPhase;
			buildActionMask = 2147483647;
			files = (
				84E507DF1D08071100C56409 /* WordListTests.swift in Sources */,
			);
			runOnlyForDeploymentPostprocessing = 0;
		};
		84E507E11D08071100C56409 /* Sources */ = {
			isa = PBXSourcesBuildPhase;
			buildActionMask = 2147483647;
			files = (
				84E507EA1D08071100C56409 /* WordListUITests.swift in Sources */,
			);
			runOnlyForDeploymentPostprocessing = 0;
		};
/* End PBXSourcesBuildPhase section */

/* Begin PBXTargetDependency section */
		84E507DC1D08071100C56409 /* PBXTargetDependency */ = {
			isa = PBXTargetDependency;
			target = 84E507C21D08071100C56409 /* WordList */;
			targetProxy = 84E507DB1D08071100C56409 /* PBXContainerItemProxy */;
		};
		84E507E71D08071100C56409 /* PBXTargetDependency */ = {
			isa = PBXTargetDependency;
			target = 84E507C21D08071100C56409 /* WordList */;
			targetProxy = 84E507E61D08071100C56409 /* PBXContainerItemProxy */;
		};
/* End PBXTargetDependency section */

/* Begin PBXVariantGroup section */
		84E507CA1D08071100C56409 /* Main.storyboard */ = {
			isa = PBXVariantGroup;
			children = (
				84E507CB1D08071100C56409 /* Base */,
			);
			name = Main.storyboard;
			sourceTree = "<group>";
		};
		84E507D21D08071100C56409 /* LaunchScreen.storyboard */ = {
			isa = PBXVariantGroup;
			children = (
				84E507D31D08071100C56409 /* Base */,
			);
			name = LaunchScreen.storyboard;
			sourceTree = "<group>";
		};
/* End PBXVariantGroup section */

/* Begin XCBuildConfiguration section */
		84E507EC1D08071100C56409 /* Debug */ = {
			isa = XCBuildConfiguration;
			buildSettings = {
				ALWAYS_SEARCH_USER_PATHS = NO;
				CLANG_ANALYZER_NONNULL = YES;
				CLANG_CXX_LANGUAGE_STANDARD = "gnu++0x";
				CLANG_CXX_LIBRARY = "libc++";
				CLANG_ENABLE_MODULES = YES;
				CLANG_ENABLE_OBJC_ARC = YES;
				CLANG_WARN_BOOL_CONVERSION = YES;
				CLANG_WARN_CONSTANT_CONVERSION = YES;
				CLANG_WARN_DIRECT_OBJC_ISA_USAGE = YES_ERROR;
				CLANG_WARN_EMPTY_BODY = YES;
				CLANG_WARN_ENUM_CONVERSION = YES;
				CLANG_WARN_INT_CONVERSION = YES;
				CLANG_WARN_OBJC_ROOT_CLASS = YES_ERROR;
				CLANG_WARN_UNREACHABLE_CODE = YES;
				CLANG_WARN__DUPLICATE_METHOD_MATCH = YES;
				"CODE_SIGN_IDENTITY[sdk=iphoneos*]" = "iPhone Developer";
				COPY_PHASE_STRIP = NO;
				DEBUG_INFORMATION_FORMAT = dwarf;
				ENABLE_STRICT_OBJC_MSGSEND = YES;
				ENABLE_TESTABILITY = YES;
				GCC_C_LANGUAGE_STANDARD = gnu99;
				GCC_DYNAMIC_NO_PIC = NO;
				GCC_NO_COMMON_BLOCKS = YES;
				GCC_OPTIMIZATION_LEVEL = 0;
				GCC_PREPROCESSOR_DEFINITIONS = (
					"DEBUG=1",
					"$(inherited)",
				);
				GCC_WARN_64_TO_32_BIT_CONVERSION = YES;
				GCC_WARN_ABOUT_RETURN_TYPE = YES_ERROR;
				GCC_WARN_UNDECLARED_SELECTOR = YES;
				GCC_WARN_UNINITIALIZED_AUTOS = YES_AGGRESSIVE;
				GCC_WARN_UNUSED_FUNCTION = YES;
				GCC_WARN_UNUSED_VARIABLE = YES;
				IPHONEOS_DEPLOYMENT_TARGET = 9.3;
				MTL_ENABLE_DEBUG_INFO = YES;
				ONLY_ACTIVE_ARCH = YES;
				SDKROOT = iphoneos;
				SWIFT_OPTIMIZATION_LEVEL = "-Onone";
			};
			name = Debug;
		};
		84E507ED1D08071100C56409 /* Release */ = {
			isa = XCBuildConfiguration;
			buildSettings = {
				ALWAYS_SEARCH_USER_PATHS = NO;
				CLANG_ANALYZER_NONNULL = YES;
				CLANG_CXX_LANGUAGE_STANDARD = "gnu++0x";
				CLANG_CXX_LIBRARY = "libc++";
				CLANG_ENABLE_MODULES = YES;
				CLANG_ENABLE_OBJC_ARC = YES;
				CLANG_WARN_BOOL_CONVERSION = YES;
				CLANG_WARN_CONSTANT_CONVERSION = YES;
				CLANG_WARN_DIRECT_OBJC_ISA_USAGE = YES_ERROR;
				CLANG_WARN_EMPTY_BODY = YES;
				CLANG_WARN_ENUM_CONVERSION = YES;
				CLANG_WARN_INT_CONVERSION = YES;
				CLANG_WARN_OBJC_ROOT_CLASS = YES_ERROR;
				CLANG_WARN_UNREACHABLE_CODE = YES;
				CLANG_WARN__DUPLICATE_METHOD_MATCH = YES;
				"CODE_SIGN_IDENTITY[sdk=iphoneos*]" = "iPhone Developer";
				COPY_PHASE_STRIP = NO;
				DEBUG_INFORMATION_FORMAT = "dwarf-with-dsym";
				ENABLE_NS_ASSERTIONS = NO;
				ENABLE_STRICT_OBJC_MSGSEND = YES;
				GCC_C_LANGUAGE_STANDARD = gnu99;
				GCC_NO_COMMON_BLOCKS = YES;
				GCC_WARN_64_TO_32_BIT_CONVERSION = YES;
				GCC_WARN_ABOUT_RETURN_TYPE = YES_ERROR;
				GCC_WARN_UNDECLARED_SELECTOR = YES;
				GCC_WARN_UNINITIALIZED_AUTOS = YES_AGGRESSIVE;
				GCC_WARN_UNUSED_FUNCTION = YES;
				GCC_WARN_UNUSED_VARIABLE = YES;
				IPHONEOS_DEPLOYMENT_TARGET = 9.3;
				MTL_ENABLE_DEBUG_INFO = NO;
				SDKROOT = iphoneos;
				VALIDATE_PRODUCT = YES;
			};
			name = Release;
		};
		84E507EF1D08071100C56409 /* Debug */ = {
			isa = XCBuildConfiguration;
			buildSettings = {
				ASSETCATALOG_COMPILER_APPICON_NAME = AppIcon;
				INFOPLIST_FILE = WordList/Info.plist;
				LD_RUNPATH_SEARCH_PATHS = "$(inherited) @executable_path/Frameworks";
				PRODUCT_BUNDLE_IDENTIFIER = "Kenta-Okuda.WordList";
				PRODUCT_NAME = "$(TARGET_NAME)";
			};
			name = Debug;
		};
		84E507F01D08071100C56409 /* Release */ = {
			isa = XCBuildConfiguration;
			buildSettings = {
				ASSETCATALOG_COMPILER_APPICON_NAME = AppIcon;
				INFOPLIST_FILE = WordList/Info.plist;
				LD_RUNPATH_SEARCH_PATHS = "$(inherited) @executable_path/Frameworks";
				PRODUCT_BUNDLE_IDENTIFIER = "Kenta-Okuda.WordList";
				PRODUCT_NAME = "$(TARGET_NAME)";
			};
			name = Release;
		};
		84E507F21D08071100C56409 /* Debug */ = {
			isa = XCBuildConfiguration;
			buildSettings = {
				BUNDLE_LOADER = "$(TEST_HOST)";
				INFOPLIST_FILE = WordListTests/Info.plist;
				LD_RUNPATH_SEARCH_PATHS = "$(inherited) @executable_path/Frameworks @loader_path/Frameworks";
				PRODUCT_BUNDLE_IDENTIFIER = "Kenta-Okuda.WordListTests";
				PRODUCT_NAME = "$(TARGET_NAME)";
				TEST_HOST = "$(BUILT_PRODUCTS_DIR)/WordList.app/WordList";
			};
			name = Debug;
		};
		84E507F31D08071100C56409 /* Release */ = {
			isa = XCBuildConfiguration;
			buildSettings = {
				BUNDLE_LOADER = "$(TEST_HOST)";
				INFOPLIST_FILE = WordListTests/Info.plist;
				LD_RUNPATH_SEARCH_PATHS = "$(inherited) @executable_path/Frameworks @loader_path/Frameworks";
				PRODUCT_BUNDLE_IDENTIFIER = "Kenta-Okuda.WordListTests";
				PRODUCT_NAME = "$(TARGET_NAME)";
				TEST_HOST = "$(BUILT_PRODUCTS_DIR)/WordList.app/WordList";
			};
			name = Release;
		};
		84E507F51D08071100C56409 /* Debug */ = {
			isa = XCBuildConfiguration;
			buildSettings = {
				INFOPLIST_FILE = WordListUITests/Info.plist;
				LD_RUNPATH_SEARCH_PATHS = "$(inherited) @executable_path/Frameworks @loader_path/Frameworks";
				PRODUCT_BUNDLE_IDENTIFIER = "Kenta-Okuda.WordListUITests";
				PRODUCT_NAME = "$(TARGET_NAME)";
				TEST_TARGET_NAME = WordList;
			};
			name = Debug;
		};
		84E507F61D08071100C56409 /* Release */ = {
			isa = XCBuildConfiguration;
			buildSettings = {
				INFOPLIST_FILE = WordListUITests/Info.plist;
				LD_RUNPATH_SEARCH_PATHS = "$(inherited) @executable_path/Frameworks @loader_path/Frameworks";
				PRODUCT_BUNDLE_IDENTIFIER = "Kenta-Okuda.WordListUITests";
				PRODUCT_NAME = "$(TARGET_NAME)";
				TEST_TARGET_NAME = WordList;
			};
			name = Release;
		};
/* End XCBuildConfiguration section */

/* Begin XCConfigurationList section */
		84E507BE1D08071100C56409 /* Build configuration list for PBXProject "WordList" */ = {
			isa = XCConfigurationList;
			buildConfigurations = (
				84E507EC1D08071100C56409 /* Debug */,
				84E507ED1D08071100C56409 /* Release */,
			);
			defaultConfigurationIsVisible = 0;
			defaultConfigurationName = Release;
		};
		84E507EE1D08071100C56409 /* Build configuration list for PBXNativeTarget "WordList" */ = {
			isa = XCConfigurationList;
			buildConfigurations = (
				84E507EF1D08071100C56409 /* Debug */,
				84E507F01D08071100C56409 /* Release */,
			);
			defaultConfigurationIsVisible = 0;
			defaultConfigurationName = Release;
		};
		84E507F11D08071100C56409 /* Build configuration list for PBXNativeTarget "WordListTests" */ = {
			isa = XCConfigurationList;
			buildConfigurations = (
				84E507F21D08071100C56409 /* Debug */,
				84E507F31D08071100C56409 /* Release */,
			);
			defaultConfigurationIsVisible = 0;
			defaultConfigurationName = Release;
		};
		84E507F41D08071100C56409 /* Build configuration list for PBXNativeTarget "WordListUITests" */ = {
			isa = XCConfigurationList;
			buildConfigurations = (
				84E507F51D08071100C56409 /* Debug */,
				84E507F61D08071100C56409 /* Release */,
			);
			defaultConfigurationIsVisible = 0;
			defaultConfigurationName = Release;
		};
/* End XCConfigurationList section */

/* Begin XCVersionGroup section */
		84E507CD1D08071100C56409 /* WordList.xcdatamodeld */ = {
			isa = XCVersionGroup;
			children = (
				84E507CE1D08071100C56409 /* WordList.xcdatamodel */,
			);
			currentVersion = 84E507CE1D08071100C56409 /* WordList.xcdatamodel */;
			path = WordList.xcdatamodeld;
			sourceTree = "<group>";
			versionGroupType = wrapper.xcdatamodel;
		};
/* End XCVersionGroup section */
	};
	rootObject = 84E507BB1D08071100C56409 /* Project object */;
}
